{
  "lockfile_version": "1",
  "packages": {
    "automake@latest": {
      "last_modified": "2024-11-16T04:25:12Z",
      "resolved": "github:NixOS/nixpkgs/34a626458d686f1b58139620a8b2793e9e123bba#automake",
      "source": "devbox-search",
      "version": "1.16.5",
      "systems": {
        "aarch64-darwin": {
          "outputs": [
            {
              "name": "out",
              "path": "/nix/store/llf6m28dlqamxf87jgkwyacss7w84gjm-automake-1.16.5",
              "default": true
            }
          ],
          "store_path": "/nix/store/llf6m28dlqamxf87jgkwyacss7w84gjm-automake-1.16.5"
        },
        "aarch64-linux": {
          "outputs": [
            {
              "name": "out",
              "path": "/nix/store/07jqi8s4xajcg74f24ivi9w48lzvrgr8-automake-1.16.5",
              "default": true
            }
          ],
          "store_path": "/nix/store/07jqi8s4xajcg74f24ivi9w48lzvrgr8-automake-1.16.5"
        },
        "x86_64-darwin": {
          "outputs": [
            {
              "name": "out",
              "path": "/nix/store/001ivk09qgqk6vm5d2j1jzzpsbpxxi0p-automake-1.16.5",
              "default": true
            }
          ],
          "store_path": "/nix/store/001ivk09qgqk6vm5d2j1jzzpsbpxxi0p-automake-1.16.5"
        },
        "x86_64-linux": {
          "outputs": [
            {
              "name": "out",
              "path": "/nix/store/s2saayxxw0ymb20yqd2kh09qaq5l8nw7-automake-1.16.5",
              "default": true
            }
          ],
          "store_path": "/nix/store/s2saayxxw0ymb20yqd2kh09qaq5l8nw7-automake-1.16.5"
        }
      }
    },
    "clang@latest": {
      "last_modified": "2024-11-16T04:25:12Z",
      "resolved": "github:NixOS/nixpkgs/34a626458d686f1b58139620a8b2793e9e123bba#clang",
      "source": "devbox-search",
      "version": "18.1.8",
      "systems": {
        "aarch64-linux": {
          "outputs": [
            {
              "name": "out",
              "path": "/nix/store/x3brrx7id76x2zpd8vh8s8m988cp85vs-clang-wrapper-18.1.8",
              "default": true
            }
          ],
          "store_path": "/nix/store/x3brrx7id76x2zpd8vh8s8m988cp85vs-clang-wrapper-18.1.8"
        },
        "x86_64-linux": {
          "outputs": [
            {
              "name": "out",
              "path": "/nix/store/hnfkms9dykvh61nwdqydzmbgzzr5lwy0-clang-wrapper-18.1.8",
              "default": true
            }
          ],
          "store_path": "/nix/store/hnfkms9dykvh61nwdqydzmbgzzr5lwy0-clang-wrapper-18.1.8"
        }
      }
    },
    "cmake@latest": {
      "last_modified": "2024-11-16T04:25:12Z",
      "resolved": "github:NixOS/nixpkgs/34a626458d686f1b58139620a8b2793e9e123bba#cmake",
      "source": "devbox-search",
      "version": "3.30.5",
      "systems": {
        "aarch64-darwin": {
          "outputs": [
            {
              "name": "out",
              "path": "/nix/store/aw70f6alsbf7cgn5qwqbpgd1w208i3v9-cmake-3.30.5",
              "default": true
            }
          ],
          "store_path": "/nix/store/aw70f6alsbf7cgn5qwqbpgd1w208i3v9-cmake-3.30.5"
        },
        "aarch64-linux": {
          "outputs": [
            {
              "name": "out",
              "path": "/nix/store/71swssqfb007860ik9r7xgfb1i39dz7v-cmake-3.30.5",
              "default": true
            },
            {
              "name": "debug",
              "path": "/nix/store/nlqn5rq3yx0qm0ibfn087bjxdb3y5vkn-cmake-3.30.5-debug"
            }
          ],
          "store_path": "/nix/store/71swssqfb007860ik9r7xgfb1i39dz7v-cmake-3.30.5"
        },
        "x86_64-darwin": {
          "outputs": [
            {
              "name": "out",
              "path": "/nix/store/6paqqjczjfv8z2i6qr7gdfq21n0rbglr-cmake-3.30.5",
              "default": true
            }
          ],
          "store_path": "/nix/store/6paqqjczjfv8z2i6qr7gdfq21n0rbglr-cmake-3.30.5"
        },
        "x86_64-linux": {
          "outputs": [
            {
              "name": "out",
              "path": "/nix/store/4kb60dy0dg80ww8gh2av4by4vwn8l48k-cmake-3.30.5",
              "default": true
            },
            {
              "name": "debug",
              "path": "/nix/store/f6wqljm9lncszmj652011lfjr5bpv6q1-cmake-3.30.5-debug"
            }
          ],
          "store_path": "/nix/store/4kb60dy0dg80ww8gh2av4by4vwn8l48k-cmake-3.30.5"
        }
      }
    },
    "ninja@latest": {
      "last_modified": "2024-11-16T04:25:12Z",
      "resolved": "github:NixOS/nixpkgs/34a626458d686f1b58139620a8b2793e9e123bba#ninja",
      "source": "devbox-search",
      "version": "1.12.1",
      "systems": {
        "aarch64-darwin": {
          "outputs": [
            {
              "name": "out",
              "path": "/nix/store/hj6jb9m7rp59bgj7r2jpbqw9yip8fapr-ninja-1.12.1",
              "default": true
            }
          ],
          "store_path": "/nix/store/hj6jb9m7rp59bgj7r2jpbqw9yip8fapr-ninja-1.12.1"
        },
        "aarch64-linux": {
          "outputs": [
            {
              "name": "out",
              "path": "/nix/store/bdp4i7s84b42yy3xki5dqxsgqfly0j6m-ninja-1.12.1",
              "default": true
            }
          ],
          "store_path": "/nix/store/bdp4i7s84b42yy3xki5dqxsgqfly0j6m-ninja-1.12.1"
        },
        "x86_64-darwin": {
          "outputs": [
            {
              "name": "out",
              "path": "/nix/store/b1lsw3724b9s5rs56yq43l9q9kv51kd2-ninja-1.12.1",
              "default": true
            }
          ],
          "store_path": "/nix/store/b1lsw3724b9s5rs56yq43l9q9kv51kd2-ninja-1.12.1"
        },
        "x86_64-linux": {
          "outputs": [
            {
              "name": "out",
              "path": "/nix/store/nwsn9hg84pf9rpy3bgdpssa2b6qc7w3p-ninja-1.12.1",
              "default": true
            }
          ],
          "store_path": "/nix/store/nwsn9hg84pf9rpy3bgdpssa2b6qc7w3p-ninja-1.12.1"
        }
      }
    },
    "pkg-config@latest": {
      "last_modified": "2024-11-16T04:25:12Z",
      "resolved": "github:NixOS/nixpkgs/34a626458d686f1b58139620a8b2793e9e123bba#pkg-config",
      "source": "devbox-search",
      "version": "0.29.2",
      "systems": {
        "aarch64-darwin": {
          "outputs": [
            {
              "name": "out",
              "path": "/nix/store/c6v2ngygy55zamyz17z94brbz2vrsi1z-pkg-config-wrapper-0.29.2",
              "default": true
            },
            {
              "name": "man",
              "path": "/nix/store/pcfhhyk7rqhhkqy7848p10mjn9fzfc07-pkg-config-wrapper-0.29.2-man",
              "default": true
            },
            {
              "name": "doc",
              "path": "/nix/store/pmigd0r84hg4qnww2s24avkwrmgpyzp2-pkg-config-wrapper-0.29.2-doc"
            }
          ],
          "store_path": "/nix/store/c6v2ngygy55zamyz17z94brbz2vrsi1z-pkg-config-wrapper-0.29.2"
        },
        "aarch64-linux": {
          "outputs": [
            {
              "name": "out",
              "path": "/nix/store/r0yy5v0hb9q0y3k4r98jjy3z5q332xv8-pkg-config-wrapper-0.29.2",
              "default": true
            },
            {
              "name": "man",
              "path": "/nix/store/pbkvbqvb34ambadx8ak05gf9z3k6n6li-pkg-config-wrapper-0.29.2-man",
              "default": true
            },
            {
              "name": "doc",
              "path": "/nix/store/y2c1zygpklpmcvwffbhd6ka53x29pdj9-pkg-config-wrapper-0.29.2-doc"
            }
          ],
          "store_path": "/nix/store/r0yy5v0hb9q0y3k4r98jjy3z5q332xv8-pkg-config-wrapper-0.29.2"
        },
        "x86_64-darwin": {
          "outputs": [
            {
              "name": "out",
              "path": "/nix/store/7spy1pbif3par1zk0n9y1f8rn2rb67yc-pkg-config-wrapper-0.29.2",
              "default": true
            },
            {
              "name": "man",
              "path": "/nix/store/x185axgbaz47kxqpk7714h400543ln38-pkg-config-wrapper-0.29.2-man",
              "default": true
            },
            {
              "name": "doc",
              "path": "/nix/store/fjhch1gy7yajsf3g25jahhj54dpyqljh-pkg-config-wrapper-0.29.2-doc"
            }
          ],
          "store_path": "/nix/store/7spy1pbif3par1zk0n9y1f8rn2rb67yc-pkg-config-wrapper-0.29.2"
        },
        "x86_64-linux": {
          "outputs": [
            {
              "name": "out",
              "path": "/nix/store/f1gamyykr0f8n4afy910ass2jx2g9zkv-pkg-config-wrapper-0.29.2",
              "default": true
            },
            {
              "name": "man",
              "path": "/nix/store/xnwya1zw4x0zm0k5s9fiabzf9qw7ibxa-pkg-config-wrapper-0.29.2-man",
              "default": true
            },
            {
              "name": "doc",
              "path": "/nix/store/42q995i0pk7mi79h32r2fc7v1fw8la4d-pkg-config-wrapper-0.29.2-doc"
            }
          ],
          "store_path": "/nix/store/f1gamyykr0f8n4afy910ass2jx2g9zkv-pkg-config-wrapper-0.29.2"
        }
      }
    }
  }
}
